{
  "version": 4,
  "terraform_version": "1.2.2",
  "serial": 1,
  "lineage": "069ef9fd-448a-ea32-f61d-b6e6e8220691",
  "outputs": {},
  "resources": [
    {
      "mode": "managed",
      "type": "github_repository",
      "name": "git_vedua_repo",
      "provider": "provider[\"registry.terraform.io/integrations/github\"]",
      "instances": [
        {
          "schema_version": 0,
          "attributes": {
            "allow_auto_merge": false,
            "allow_merge_commit": true,
            "allow_rebase_merge": true,
            "allow_squash_merge": true,
            "archive_on_destroy": null,
            "archived": false,
            "auto_init": null,
            "branches": [],
            "default_branch": "main",
            "delete_branch_on_merge": false,
            "description": "lets start terraform",
            "etag": "W/\"5f1e191d792f95436c8de1e46b81c38c68d971ab7717261b1b595944ebd5e1f8\"",
            "full_name": "vedua94/vedua_repo",
            "git_clone_url": "git://github.com/vedua94/vedua_repo.git",
            "gitignore_template": null,
            "has_downloads": false,
            "has_issues": false,
            "has_projects": false,
            "has_wiki": false,
            "homepage_url": "",
            "html_url": "https://github.com/vedua94/vedua_repo",
            "http_clone_url": "https://github.com/vedua94/vedua_repo.git",
            "id": "vedua_repo",
            "ignore_vulnerability_alerts_during_read": null,
            "is_template": false,
            "license_template": null,
            "name": "vedua_repo",
            "node_id": "R_kgDOHc-VXA",
            "pages": [],
            "private": false,
            "repo_id": 500143452,
            "ssh_clone_url": "git@github.com:vedua94/vedua_repo.git",
            "svn_url": "https://github.com/vedua94/vedua_repo",
            "template": [],
            "topics": null,
            "visibility": "public",
            "vulnerability_alerts": false
          },
          "sensitive_attributes": [],
          "private": "bnVsbA=="
        }
      ]
    }
  ]
}
